
Microsoft Visual Studio Solution File, Format Version 12.00
# Visual Studio Version 17
VisualStudioVersion = 17.10.35122.118
MinimumVisualStudioVersion = 10.0.40219.1
Project("{9A19103F-16F7-4668-BE54-9A1E7A4F7556}") = "ConsoleApp", "ConsoleApp\ConsoleApp.csproj", "{28DC4012-CFAD-4532-89B7-542CC4CC94AE}"
EndProject
Project("{FAE04EC0-301F-11D3-BF4B-00C04F79EFBC}") = "WebAPI", "WebAPI\WebAPI.csproj", "{A438C8FC-3733-4E32-B818-57747CA05969}"
EndProject
Project("{FAE04EC0-301F-11D3-BF4B-00C04F79EFBC}") = "WebApp", "WebApp\WebApp.csproj", "{24950558-745A-401A-AA3D-857CB42F1710}"
EndProject
Global
	GlobalSection(SolutionConfigurationPlatforms) = preSolution
		Debug|Any CPU = Debug|Any CPU
		Release|Any CPU = Release|Any CPU
	EndGlobalSection
	GlobalSection(ProjectConfigurationPlatforms) = postSolution
		{28DC4012-CFAD-4532-89B7-542CC4CC94AE}.Debug|Any CPU.ActiveCfg = Debug|Any CPU
		{28DC4012-CFAD-4532-89B7-542CC4CC94AE}.Debug|Any CPU.Build.0 = Debug|Any CPU
		{28DC4012-CFAD-4532-89B7-542CC4CC94AE}.Release|Any CPU.ActiveCfg = Release|Any CPU
		{28DC4012-CFAD-4532-89B7-542CC4CC94AE}.Release|Any CPU.Build.0 = Release|Any CPU
		{A438C8FC-3733-4E32-B818-57747CA05969}.Debug|Any CPU.ActiveCfg = Debug|Any CPU
		{A438C8FC-3733-4E32-B818-57747CA05969}.Debug|Any CPU.Build.0 = Debug|Any CPU
		{A438C8FC-3733-4E32-B818-57747CA05969}.Release|Any CPU.ActiveCfg = Release|Any CPU
		{A438C8FC-3733-4E32-B818-57747CA05969}.Release|Any CPU.Build.0 = Release|Any CPU
		{24950558-745A-401A-AA3D-857CB42F1710}.Debug|Any CPU.ActiveCfg = Debug|Any CPU
		{24950558-745A-401A-AA3D-857CB42F1710}.Debug|Any CPU.Build.0 = Debug|Any CPU
		{24950558-745A-401A-AA3D-857CB42F1710}.Release|Any CPU.ActiveCfg = Release|Any CPU
		{24950558-745A-401A-AA3D-857CB42F1710}.Release|Any CPU.Build.0 = Release|Any CPU
	EndGlobalSection
	GlobalSection(SolutionProperties) = preSolution
		HideSolutionNode = FALSE
	EndGlobalSection
	GlobalSection(ExtensibilityGlobals) = postSolution
		SolutionGuid = {96016A6B-C389-45CA-9472-76AC6BF83801}
	EndGlobalSection
EndGlobal
